GIT
  remote: https://github.com/cloudfoundry/buildpack-packager
  revision: 63c7297eec83cbea95f751c995292586d87342d6
  tag: v2.3.5
  specs:
    buildpack-packager (2.3.5)
      activesupport (~> 4.1)
      kwalify (~> 0)
      terminal-table (~> 1.4)

GIT
  remote: https://github.com/cloudfoundry/machete
  revision: d2997b69e096a94cef6c913754f25052c05ca8b5
  tag: v0.0.59
  specs:
    machete (0.0.59)
      childprocess
      httparty

GEM
  remote: https://rubygems.org/
  specs:
    activesupport (4.2.7.1)
      i18n (~> 0.7)
      json (~> 1.7, >= 1.7.7)
      minitest (~> 5.1)
      thread_safe (~> 0.3, >= 0.3.4)
      tzinfo (~> 1.1)
    childprocess (0.6.1)
      ffi (~> 1.0, >= 1.0.11)
    diff-lcs (1.2.5)
    excon (0.51.0)
    ffi (1.9.17)
    httparty (0.14.0)
      multi_xml (>= 0.5.2)
    i18n (0.7.0)
    json (1.8.6)
    kwalify (0.7.2)
    minitest (5.10.1)
    multi_xml (0.6.0)
    rspec (3.5.0)
      rspec-core (~> 3.5.0)
      rspec-expectations (~> 3.5.0)
      rspec-mocks (~> 3.5.0)
    rspec-core (3.5.1)
      rspec-support (~> 3.5.0)
    rspec-eventually (0.1.0)
    rspec-expectations (3.5.0)
      diff-lcs (>= 1.2.0, < 2.0)
      rspec-support (~> 3.5.0)
    rspec-instafail (1.0.0)
      rspec
    rspec-mocks (3.5.0)
      diff-lcs (>= 1.2.0, < 2.0)
      rspec-support (~> 3.5.0)
    rspec-support (3.5.0)
    terminal-table (1.7.3)
      unicode-display_width (~> 1.1.1)
    thread_safe (0.3.5)
    tzinfo (1.2.2)
      thread_safe (~> 0.1)
    unicode-display_width (1.1.3)

PLATFORMS
  ruby

DEPENDENCIES
  buildpack-packager!
  excon
  machete!
  rspec
  rspec-eventually
  rspec-instafail

RUBY VERSION
   ruby 2.3.1p112

BUNDLED WITH
   1.14.4
