# This file is autogenerated, do not edit; changes may be undone by the next 'dep ensure'.


[[projects]]
  name = "github.com/Masterminds/semver"
  packages = ["."]
  revision = "517734cc7d6470c0d07130e40fd40bdeb9bcd3fd"
  version = "v1.3.1"

[[projects]]
  name = "github.com/blang/semver"
  packages = ["."]
  revision = "2ee87856327ba09384cabd113bc6b5d174e9ec0f"
  version = "v3.5.1"

[[projects]]
  branch = "master"
  name = "github.com/cloudfoundry/libbuildpack"
  packages = [".","ansicleaner","cutlass","packager"]
  revision = "883fdcaaec73ebca143869dfd4253ec523294750"

[[projects]]
  name = "github.com/elazarl/goproxy"
  packages = ["."]
  revision = "aacba83f36a55ac31cbb71c06547a328c0cd1604"

[[projects]]
  branch = "master"
  name = "github.com/golang/mock"
  packages = ["gomock"]
  revision = "c7d0ee73a597d1349404607d9f692cacd09cdc06"

[[projects]]
  branch = "master"
  name = "github.com/onsi/ginkgo"
  packages = [".","config","internal/codelocation","internal/containernode","internal/failer","internal/leafnodes","internal/remote","internal/spec","internal/spec_iterator","internal/specrunner","internal/suite","internal/testingtproxy","internal/writer","reporters","reporters/stenographer","reporters/stenographer/support/go-colorable","reporters/stenographer/support/go-isatty","types"]
  revision = "11459a886d9cd66b319dac7ef1e917ee221372c9"

[[projects]]
  branch = "master"
  name = "github.com/onsi/gomega"
  packages = [".","format","internal/assertion","internal/asyncassertion","internal/oraclematcher","internal/testingtsupport","matchers","matchers/support/goraph/bipartitegraph","matchers/support/goraph/edge","matchers/support/goraph/node","matchers/support/goraph/util","types"]
  revision = "dcabb60a477c2b6f456df65037cb6708210fbb02"

[[projects]]
  name = "github.com/tidwall/gjson"
  packages = ["."]
  revision = "be96719f990978a867f52c48f29d43f6b591da28"
  version = "v1.0.0"

[[projects]]
  branch = "master"
  name = "github.com/tidwall/match"
  packages = ["."]
  revision = "173748da739a410c5b0b813b956f89ff94730b4c"

[[projects]]
  branch = "master"
  name = "golang.org/x/net"
  packages = ["html","html/atom","html/charset"]
  revision = "b60f3a92103dfd93dfcb900ec77c6d0643510868"

[[projects]]
  branch = "master"
  name = "golang.org/x/sys"
  packages = ["unix"]
  revision = "b6e1ae21643682ce023deb8d152024597b0e9bb4"

[[projects]]
  branch = "master"
  name = "golang.org/x/text"
  packages = ["encoding","encoding/charmap","encoding/htmlindex","encoding/internal","encoding/internal/identifier","encoding/japanese","encoding/korean","encoding/simplifiedchinese","encoding/traditionalchinese","encoding/unicode","internal/gen","internal/tag","internal/utf8internal","language","runes","transform","unicode/cldr"]
  revision = "1cbadb444a806fd9430d14ad08967ed91da4fa0a"

[[projects]]
  branch = "v1"
  name = "gopkg.in/jarcoal/httpmock.v1"
  packages = ["."]
  revision = "cf52904a3cf0f78f199ecade6a6df8e245d5b25a"

[[projects]]
  branch = "v2"
  name = "gopkg.in/yaml.v2"
  packages = ["."]
  revision = "eb3733d160e74a9c7e442f435eb3bea458e1d19f"

[solve-meta]
  analyzer-name = "dep"
  analyzer-version = 1
  inputs-digest = "ff749288bb4ce900df80ad232c7a03d9cad91058b8bbb100e76f86261b7c11ab"
  solver-name = "gps-cdcl"
  solver-version = 1
